
Microsoft Visual Studio Solution File, Format Version 12.00
# Visual Studio Version 17
VisualStudioVersion = 17.1.32328.378
MinimumVisualStudioVersion = 10.0.40219.1
Project("{FAE04EC0-301F-11D3-BF4B-00C04F79EFBC}") = "Jul042022-1", "Jul042022-1\Jul042022-1.csproj", "{461BBB3E-530E-4F42-B9C1-A17362780C3F}"
EndProject
Global
	GlobalSection(SolutionConfigurationPlatforms) = preSolution
		Debug|Any CPU = Debug|Any CPU
		Release|Any CPU = Release|Any CPU
	EndGlobalSection
	GlobalSection(ProjectConfigurationPlatforms) = postSolution
		{461BBB3E-530E-4F42-B9C1-A17362780C3F}.Debug|Any CPU.ActiveCfg = Debug|Any CPU
		{461BBB3E-530E-4F42-B9C1-A17362780C3F}.Debug|Any CPU.Build.0 = Debug|Any CPU
		{461BBB3E-530E-4F42-B9C1-A17362780C3F}.Release|Any CPU.ActiveCfg = Release|Any CPU
		{461BBB3E-530E-4F42-B9C1-A17362780C3F}.Release|Any CPU.Build.0 = Release|Any CPU
	EndGlobalSection
	GlobalSection(SolutionProperties) = preSolution
		HideSolutionNode = FALSE
	EndGlobalSection
	GlobalSection(ExtensibilityGlobals) = postSolution
		SolutionGuid = {635CAFC5-8501-443D-8A79-9CB81F179B92}
	EndGlobalSection
EndGlobal
