
Microsoft Visual Studio Solution File, Format Version 12.00
# Visual Studio Version 17
VisualStudioVersion = 17.0.32112.339
MinimumVisualStudioVersion = 10.0.40219.1
Project("{FAE04EC0-301F-11D3-BF4B-00C04F79EFBC}") = "5PM23Feb2022-1", "5PM23Feb2022-1\5PM23Feb2022-1.csproj", "{D8688D46-AE7A-4132-807B-D449A8969B4A}"
EndProject
Global
	GlobalSection(SolutionConfigurationPlatforms) = preSolution
		Debug|Any CPU = Debug|Any CPU
		Release|Any CPU = Release|Any CPU
	EndGlobalSection
	GlobalSection(ProjectConfigurationPlatforms) = postSolution
		{D8688D46-AE7A-4132-807B-D449A8969B4A}.Debug|Any CPU.ActiveCfg = Debug|Any CPU
		{D8688D46-AE7A-4132-807B-D449A8969B4A}.Debug|Any CPU.Build.0 = Debug|Any CPU
		{D8688D46-AE7A-4132-807B-D449A8969B4A}.Release|Any CPU.ActiveCfg = Release|Any CPU
		{D8688D46-AE7A-4132-807B-D449A8969B4A}.Release|Any CPU.Build.0 = Release|Any CPU
	EndGlobalSection
	GlobalSection(SolutionProperties) = preSolution
		HideSolutionNode = FALSE
	EndGlobalSection
	GlobalSection(ExtensibilityGlobals) = postSolution
		SolutionGuid = {CC7C42C3-92E8-4C28-9DFD-B6CD541BF307}
	EndGlobalSection
EndGlobal
