
Microsoft Visual Studio Solution File, Format Version 12.00
# Visual Studio Version 17
VisualStudioVersion = 17.1.32328.378
MinimumVisualStudioVersion = 10.0.40219.1
Project("{FAE04EC0-301F-11D3-BF4B-00C04F79EFBC}") = "June12022-1", "June12022-1\June12022-1.csproj", "{B9FE1337-D4BC-4371-904B-75C39F671501}"
EndProject
Global
	GlobalSection(SolutionConfigurationPlatforms) = preSolution
		Debug|Any CPU = Debug|Any CPU
		Release|Any CPU = Release|Any CPU
	EndGlobalSection
	GlobalSection(ProjectConfigurationPlatforms) = postSolution
		{B9FE1337-D4BC-4371-904B-75C39F671501}.Debug|Any CPU.ActiveCfg = Debug|Any CPU
		{B9FE1337-D4BC-4371-904B-75C39F671501}.Debug|Any CPU.Build.0 = Debug|Any CPU
		{B9FE1337-D4BC-4371-904B-75C39F671501}.Release|Any CPU.ActiveCfg = Release|Any CPU
		{B9FE1337-D4BC-4371-904B-75C39F671501}.Release|Any CPU.Build.0 = Release|Any CPU
	EndGlobalSection
	GlobalSection(SolutionProperties) = preSolution
		HideSolutionNode = FALSE
	EndGlobalSection
	GlobalSection(ExtensibilityGlobals) = postSolution
		SolutionGuid = {BF90CBA2-D084-4CE7-A39A-2596AD93AE70}
	EndGlobalSection
EndGlobal
