
Microsoft Visual Studio Solution File, Format Version 12.00
# Visual Studio Version 17
VisualStudioVersion = 17.1.32328.378
MinimumVisualStudioVersion = 10.0.40219.1
Project("{FAE04EC0-301F-11D3-BF4B-00C04F79EFBC}") = "Feb182023-1", "Feb182023-1\Feb182023-1.csproj", "{966CF4EC-096E-4E1C-B7E0-E1C062312126}"
EndProject
Project("{FAE04EC0-301F-11D3-BF4B-00C04F79EFBC}") = "ProjectA", "ProjectA\ProjectA.csproj", "{3AF95E05-B3FE-45F2-B2B7-1BEC2A2A0052}"
EndProject
Project("{FAE04EC0-301F-11D3-BF4B-00C04F79EFBC}") = "ProjectB", "ProjectB\ProjectB.csproj", "{D9E170DB-201E-473A-81BC-B1C38A529BD2}"
EndProject
Global
	GlobalSection(SolutionConfigurationPlatforms) = preSolution
		Debug|Any CPU = Debug|Any CPU
		Release|Any CPU = Release|Any CPU
	EndGlobalSection
	GlobalSection(ProjectConfigurationPlatforms) = postSolution
		{966CF4EC-096E-4E1C-B7E0-E1C062312126}.Debug|Any CPU.ActiveCfg = Debug|Any CPU
		{966CF4EC-096E-4E1C-B7E0-E1C062312126}.Debug|Any CPU.Build.0 = Debug|Any CPU
		{966CF4EC-096E-4E1C-B7E0-E1C062312126}.Release|Any CPU.ActiveCfg = Release|Any CPU
		{966CF4EC-096E-4E1C-B7E0-E1C062312126}.Release|Any CPU.Build.0 = Release|Any CPU
		{3AF95E05-B3FE-45F2-B2B7-1BEC2A2A0052}.Debug|Any CPU.ActiveCfg = Debug|Any CPU
		{3AF95E05-B3FE-45F2-B2B7-1BEC2A2A0052}.Debug|Any CPU.Build.0 = Debug|Any CPU
		{3AF95E05-B3FE-45F2-B2B7-1BEC2A2A0052}.Release|Any CPU.ActiveCfg = Release|Any CPU
		{3AF95E05-B3FE-45F2-B2B7-1BEC2A2A0052}.Release|Any CPU.Build.0 = Release|Any CPU
		{D9E170DB-201E-473A-81BC-B1C38A529BD2}.Debug|Any CPU.ActiveCfg = Debug|Any CPU
		{D9E170DB-201E-473A-81BC-B1C38A529BD2}.Debug|Any CPU.Build.0 = Debug|Any CPU
		{D9E170DB-201E-473A-81BC-B1C38A529BD2}.Release|Any CPU.ActiveCfg = Release|Any CPU
		{D9E170DB-201E-473A-81BC-B1C38A529BD2}.Release|Any CPU.Build.0 = Release|Any CPU
	EndGlobalSection
	GlobalSection(SolutionProperties) = preSolution
		HideSolutionNode = FALSE
	EndGlobalSection
	GlobalSection(ExtensibilityGlobals) = postSolution
		SolutionGuid = {E3743F83-75C0-4C8B-BD40-18D20A38F8FC}
	EndGlobalSection
EndGlobal
