
Microsoft Visual Studio Solution File, Format Version 12.00
# Visual Studio Version 17
VisualStudioVersion = 17.1.32228.430
MinimumVisualStudioVersion = 10.0.40219.1
Project("{FAE04EC0-301F-11D3-BF4B-00C04F79EFBC}") = "5PM18Mar2012-2", "5PM18Mar2012-2\5PM18Mar2012-2.csproj", "{30AA8FE0-D135-4AB0-B208-E6B1A931BC39}"
EndProject
Global
	GlobalSection(SolutionConfigurationPlatforms) = preSolution
		Debug|Any CPU = Debug|Any CPU
		Release|Any CPU = Release|Any CPU
	EndGlobalSection
	GlobalSection(ProjectConfigurationPlatforms) = postSolution
		{30AA8FE0-D135-4AB0-B208-E6B1A931BC39}.Debug|Any CPU.ActiveCfg = Debug|Any CPU
		{30AA8FE0-D135-4AB0-B208-E6B1A931BC39}.Debug|Any CPU.Build.0 = Debug|Any CPU
		{30AA8FE0-D135-4AB0-B208-E6B1A931BC39}.Release|Any CPU.ActiveCfg = Release|Any CPU
		{30AA8FE0-D135-4AB0-B208-E6B1A931BC39}.Release|Any CPU.Build.0 = Release|Any CPU
	EndGlobalSection
	GlobalSection(SolutionProperties) = preSolution
		HideSolutionNode = FALSE
	EndGlobalSection
	GlobalSection(ExtensibilityGlobals) = postSolution
		SolutionGuid = {8DB8B87E-B1ED-4AAC-9029-24230A8B709E}
	EndGlobalSection
EndGlobal
