
Microsoft Visual Studio Solution File, Format Version 12.00
# Visual Studio Version 17
VisualStudioVersion = 17.0.32112.339
MinimumVisualStudioVersion = 10.0.40219.1
Project("{FAE04EC0-301F-11D3-BF4B-00C04F79EFBC}") = "Feb282021-2", "Feb282021-2\Feb282021-2.csproj", "{358F51B8-D72B-4C22-A4DD-9EACE4E46091}"
EndProject
Global
	GlobalSection(SolutionConfigurationPlatforms) = preSolution
		Debug|Any CPU = Debug|Any CPU
		Release|Any CPU = Release|Any CPU
	EndGlobalSection
	GlobalSection(ProjectConfigurationPlatforms) = postSolution
		{358F51B8-D72B-4C22-A4DD-9EACE4E46091}.Debug|Any CPU.ActiveCfg = Debug|Any CPU
		{358F51B8-D72B-4C22-A4DD-9EACE4E46091}.Debug|Any CPU.Build.0 = Debug|Any CPU
		{358F51B8-D72B-4C22-A4DD-9EACE4E46091}.Release|Any CPU.ActiveCfg = Release|Any CPU
		{358F51B8-D72B-4C22-A4DD-9EACE4E46091}.Release|Any CPU.Build.0 = Release|Any CPU
	EndGlobalSection
	GlobalSection(SolutionProperties) = preSolution
		HideSolutionNode = FALSE
	EndGlobalSection
	GlobalSection(ExtensibilityGlobals) = postSolution
		SolutionGuid = {9402DB73-0294-413E-80C3-9AE59B81A60D}
	EndGlobalSection
EndGlobal
