
Microsoft Visual Studio Solution File, Format Version 12.00
# Visual Studio Version 17
VisualStudioVersion = 17.1.32328.378
MinimumVisualStudioVersion = 10.0.40219.1
Project("{FAE04EC0-301F-11D3-BF4B-00C04F79EFBC}") = "Jul052022-1", "Jul052022-1\Jul052022-1.csproj", "{6180FF09-B062-4D28-B188-FE5E6437C78E}"
EndProject
Global
	GlobalSection(SolutionConfigurationPlatforms) = preSolution
		Debug|Any CPU = Debug|Any CPU
		Release|Any CPU = Release|Any CPU
	EndGlobalSection
	GlobalSection(ProjectConfigurationPlatforms) = postSolution
		{6180FF09-B062-4D28-B188-FE5E6437C78E}.Debug|Any CPU.ActiveCfg = Debug|Any CPU
		{6180FF09-B062-4D28-B188-FE5E6437C78E}.Debug|Any CPU.Build.0 = Debug|Any CPU
		{6180FF09-B062-4D28-B188-FE5E6437C78E}.Release|Any CPU.ActiveCfg = Release|Any CPU
		{6180FF09-B062-4D28-B188-FE5E6437C78E}.Release|Any CPU.Build.0 = Release|Any CPU
	EndGlobalSection
	GlobalSection(SolutionProperties) = preSolution
		HideSolutionNode = FALSE
	EndGlobalSection
	GlobalSection(ExtensibilityGlobals) = postSolution
		SolutionGuid = {9DF99CEF-7C28-48B2-908C-6CD2BD157FC0}
	EndGlobalSection
EndGlobal
