
Microsoft Visual Studio Solution File, Format Version 12.00
# Visual Studio Version 17
VisualStudioVersion = 17.1.32328.378
MinimumVisualStudioVersion = 10.0.40219.1
Project("{FAE04EC0-301F-11D3-BF4B-00C04F79EFBC}") = "06Mar2023-1", "06Mar2023-1\06Mar2023-1.csproj", "{A0A89ABB-31E0-4E4D-BA47-994736983A75}"
EndProject
Global
	GlobalSection(SolutionConfigurationPlatforms) = preSolution
		Debug|Any CPU = Debug|Any CPU
		Release|Any CPU = Release|Any CPU
	EndGlobalSection
	GlobalSection(ProjectConfigurationPlatforms) = postSolution
		{A0A89ABB-31E0-4E4D-BA47-994736983A75}.Debug|Any CPU.ActiveCfg = Debug|Any CPU
		{A0A89ABB-31E0-4E4D-BA47-994736983A75}.Debug|Any CPU.Build.0 = Debug|Any CPU
		{A0A89ABB-31E0-4E4D-BA47-994736983A75}.Release|Any CPU.ActiveCfg = Release|Any CPU
		{A0A89ABB-31E0-4E4D-BA47-994736983A75}.Release|Any CPU.Build.0 = Release|Any CPU
	EndGlobalSection
	GlobalSection(SolutionProperties) = preSolution
		HideSolutionNode = FALSE
	EndGlobalSection
	GlobalSection(ExtensibilityGlobals) = postSolution
		SolutionGuid = {827E84F0-5A10-4FDD-8BF7-3A247840ADDA}
	EndGlobalSection
EndGlobal
