
Microsoft Visual Studio Solution File, Format Version 12.00
# Visual Studio Version 17
VisualStudioVersion = 17.0.32112.339
MinimumVisualStudioVersion = 10.0.40219.1
Project("{FAE04EC0-301F-11D3-BF4B-00C04F79EFBC}") = "5PM9Mar2022-2", "5PM9Mar2022-2\5PM9Mar2022-2.csproj", "{72557226-FB56-4D82-A04E-0273DB870D85}"
EndProject
Global
	GlobalSection(SolutionConfigurationPlatforms) = preSolution
		Debug|Any CPU = Debug|Any CPU
		Release|Any CPU = Release|Any CPU
	EndGlobalSection
	GlobalSection(ProjectConfigurationPlatforms) = postSolution
		{72557226-FB56-4D82-A04E-0273DB870D85}.Debug|Any CPU.ActiveCfg = Debug|Any CPU
		{72557226-FB56-4D82-A04E-0273DB870D85}.Debug|Any CPU.Build.0 = Debug|Any CPU
		{72557226-FB56-4D82-A04E-0273DB870D85}.Release|Any CPU.ActiveCfg = Release|Any CPU
		{72557226-FB56-4D82-A04E-0273DB870D85}.Release|Any CPU.Build.0 = Release|Any CPU
	EndGlobalSection
	GlobalSection(SolutionProperties) = preSolution
		HideSolutionNode = FALSE
	EndGlobalSection
	GlobalSection(ExtensibilityGlobals) = postSolution
		SolutionGuid = {E3E5BB3A-30BF-41FE-BBB0-553FC33351D9}
	EndGlobalSection
EndGlobal
