
Microsoft Visual Studio Solution File, Format Version 12.00
# Visual Studio Version 17
VisualStudioVersion = 17.1.32328.378
MinimumVisualStudioVersion = 10.0.40219.1
Project("{FAE04EC0-301F-11D3-BF4B-00C04F79EFBC}") = "Jan312023-1", "Jan312023-1\Jan312023-1.csproj", "{FBFB06B9-B8F2-4A45-80CC-C7B916685915}"
EndProject
Global
	GlobalSection(SolutionConfigurationPlatforms) = preSolution
		Debug|Any CPU = Debug|Any CPU
		Release|Any CPU = Release|Any CPU
	EndGlobalSection
	GlobalSection(ProjectConfigurationPlatforms) = postSolution
		{FBFB06B9-B8F2-4A45-80CC-C7B916685915}.Debug|Any CPU.ActiveCfg = Debug|Any CPU
		{FBFB06B9-B8F2-4A45-80CC-C7B916685915}.Debug|Any CPU.Build.0 = Debug|Any CPU
		{FBFB06B9-B8F2-4A45-80CC-C7B916685915}.Release|Any CPU.ActiveCfg = Release|Any CPU
		{FBFB06B9-B8F2-4A45-80CC-C7B916685915}.Release|Any CPU.Build.0 = Release|Any CPU
	EndGlobalSection
	GlobalSection(SolutionProperties) = preSolution
		HideSolutionNode = FALSE
	EndGlobalSection
	GlobalSection(ExtensibilityGlobals) = postSolution
		SolutionGuid = {616A2304-B9B7-4CB9-93D8-316783B06DFB}
	EndGlobalSection
EndGlobal
