
Microsoft Visual Studio Solution File, Format Version 12.00
# Visual Studio Version 17
VisualStudioVersion = 17.1.32328.378
MinimumVisualStudioVersion = 10.0.40219.1
Project("{FAE04EC0-301F-11D3-BF4B-00C04F79EFBC}") = "Jun222022-1", "Jun222022-1\Jun222022-1.csproj", "{B9642479-CA0C-48C7-8EB6-2FCC4126DFAA}"
EndProject
Global
	GlobalSection(SolutionConfigurationPlatforms) = preSolution
		Debug|Any CPU = Debug|Any CPU
		Release|Any CPU = Release|Any CPU
	EndGlobalSection
	GlobalSection(ProjectConfigurationPlatforms) = postSolution
		{B9642479-CA0C-48C7-8EB6-2FCC4126DFAA}.Debug|Any CPU.ActiveCfg = Debug|Any CPU
		{B9642479-CA0C-48C7-8EB6-2FCC4126DFAA}.Debug|Any CPU.Build.0 = Debug|Any CPU
		{B9642479-CA0C-48C7-8EB6-2FCC4126DFAA}.Release|Any CPU.ActiveCfg = Release|Any CPU
		{B9642479-CA0C-48C7-8EB6-2FCC4126DFAA}.Release|Any CPU.Build.0 = Release|Any CPU
	EndGlobalSection
	GlobalSection(SolutionProperties) = preSolution
		HideSolutionNode = FALSE
	EndGlobalSection
	GlobalSection(ExtensibilityGlobals) = postSolution
		SolutionGuid = {0973ECA9-DA6F-4451-BA94-65CCF697ECDA}
	EndGlobalSection
EndGlobal
