
Microsoft Visual Studio Solution File, Format Version 12.00
# Visual Studio Version 17
VisualStudioVersion = 17.1.32328.378
MinimumVisualStudioVersion = 10.0.40219.1
Project("{FAE04EC0-301F-11D3-BF4B-00C04F79EFBC}") = "Vidly", "Vidly\Vidly.csproj", "{C60AAE27-20CB-4B4B-B7A2-E61CDF9E6C24}"
EndProject
Global
	GlobalSection(SolutionConfigurationPlatforms) = preSolution
		Debug|Any CPU = Debug|Any CPU
		Release|Any CPU = Release|Any CPU
	EndGlobalSection
	GlobalSection(ProjectConfigurationPlatforms) = postSolution
		{C60AAE27-20CB-4B4B-B7A2-E61CDF9E6C24}.Debug|Any CPU.ActiveCfg = Debug|Any CPU
		{C60AAE27-20CB-4B4B-B7A2-E61CDF9E6C24}.Debug|Any CPU.Build.0 = Debug|Any CPU
		{C60AAE27-20CB-4B4B-B7A2-E61CDF9E6C24}.Release|Any CPU.ActiveCfg = Release|Any CPU
		{C60AAE27-20CB-4B4B-B7A2-E61CDF9E6C24}.Release|Any CPU.Build.0 = Release|Any CPU
	EndGlobalSection
	GlobalSection(SolutionProperties) = preSolution
		HideSolutionNode = FALSE
	EndGlobalSection
	GlobalSection(ExtensibilityGlobals) = postSolution
		SolutionGuid = {45714770-9368-4CBD-93DD-DBA5DDE706C3}
	EndGlobalSection
EndGlobal
