
Microsoft Visual Studio Solution File, Format Version 12.00
# Visual Studio Version 16
VisualStudioVersion = 16.0.31729.503
MinimumVisualStudioVersion = 10.0.40219.1
Project("{FAE04EC0-301F-11D3-BF4B-00C04F79EFBC}") = "Jan192022", "Jan192022\Jan192022.csproj", "{B77B74B2-0643-4546-AD1E-7A3D447516E9}"
EndProject
Global
	GlobalSection(SolutionConfigurationPlatforms) = preSolution
		Debug|Any CPU = Debug|Any CPU
		Release|Any CPU = Release|Any CPU
	EndGlobalSection
	GlobalSection(ProjectConfigurationPlatforms) = postSolution
		{B77B74B2-0643-4546-AD1E-7A3D447516E9}.Debug|Any CPU.ActiveCfg = Debug|Any CPU
		{B77B74B2-0643-4546-AD1E-7A3D447516E9}.Debug|Any CPU.Build.0 = Debug|Any CPU
		{B77B74B2-0643-4546-AD1E-7A3D447516E9}.Release|Any CPU.ActiveCfg = Release|Any CPU
		{B77B74B2-0643-4546-AD1E-7A3D447516E9}.Release|Any CPU.Build.0 = Release|Any CPU
	EndGlobalSection
	GlobalSection(SolutionProperties) = preSolution
		HideSolutionNode = FALSE
	EndGlobalSection
	GlobalSection(ExtensibilityGlobals) = postSolution
		SolutionGuid = {0D9F3D3A-B4B6-409B-B809-26ADF3988E3B}
	EndGlobalSection
EndGlobal
