
Microsoft Visual Studio Solution File, Format Version 12.00
# Visual Studio Version 17
VisualStudioVersion = 17.1.32328.378
MinimumVisualStudioVersion = 10.0.40219.1
Project("{FAE04EC0-301F-11D3-BF4B-00C04F79EFBC}") = "TestWebApplication", "TestWebApplication\TestWebApplication.csproj", "{4F6B3F17-9BAE-4AE6-936D-20D36AF18625}"
EndProject
Global
	GlobalSection(SolutionConfigurationPlatforms) = preSolution
		Debug|Any CPU = Debug|Any CPU
		Release|Any CPU = Release|Any CPU
	EndGlobalSection
	GlobalSection(ProjectConfigurationPlatforms) = postSolution
		{4F6B3F17-9BAE-4AE6-936D-20D36AF18625}.Debug|Any CPU.ActiveCfg = Debug|Any CPU
		{4F6B3F17-9BAE-4AE6-936D-20D36AF18625}.Debug|Any CPU.Build.0 = Debug|Any CPU
		{4F6B3F17-9BAE-4AE6-936D-20D36AF18625}.Release|Any CPU.ActiveCfg = Release|Any CPU
		{4F6B3F17-9BAE-4AE6-936D-20D36AF18625}.Release|Any CPU.Build.0 = Release|Any CPU
	EndGlobalSection
	GlobalSection(SolutionProperties) = preSolution
		HideSolutionNode = FALSE
	EndGlobalSection
	GlobalSection(ExtensibilityGlobals) = postSolution
		SolutionGuid = {A23E44BF-54CA-401A-8E41-BC94B01A9DC7}
	EndGlobalSection
EndGlobal
