
Microsoft Visual Studio Solution File, Format Version 12.00
# Visual Studio Version 17
VisualStudioVersion = 17.1.32328.378
MinimumVisualStudioVersion = 10.0.40219.1
Project("{FAE04EC0-301F-11D3-BF4B-00C04F79EFBC}") = "Feb022023-1", "Feb022023-1\Feb022023-1.csproj", "{56BB220A-3ED6-4549-93DF-A744D1496715}"
EndProject
Global
	GlobalSection(SolutionConfigurationPlatforms) = preSolution
		Debug|Any CPU = Debug|Any CPU
		Release|Any CPU = Release|Any CPU
	EndGlobalSection
	GlobalSection(ProjectConfigurationPlatforms) = postSolution
		{56BB220A-3ED6-4549-93DF-A744D1496715}.Debug|Any CPU.ActiveCfg = Debug|Any CPU
		{56BB220A-3ED6-4549-93DF-A744D1496715}.Debug|Any CPU.Build.0 = Debug|Any CPU
		{56BB220A-3ED6-4549-93DF-A744D1496715}.Release|Any CPU.ActiveCfg = Release|Any CPU
		{56BB220A-3ED6-4549-93DF-A744D1496715}.Release|Any CPU.Build.0 = Release|Any CPU
	EndGlobalSection
	GlobalSection(SolutionProperties) = preSolution
		HideSolutionNode = FALSE
	EndGlobalSection
	GlobalSection(ExtensibilityGlobals) = postSolution
		SolutionGuid = {611AE3D3-3971-426C-A769-614F41EC6DA9}
	EndGlobalSection
EndGlobal
